
Microsoft Visual Studio Solution File, Format Version 12.00
# Visual Studio 15
VisualStudioVersion = 15.0.27703.2000
MinimumVisualStudioVersion = 10.0.40219.1
Project("{FAE04EC0-301F-11D3-BF4B-00C04F79EFBC}") = "CuestionarioSistemasInformacion", "CuestionarioSistemasInformacion\CuestionarioSistemasInformacion.csproj", "{7906FCB4-9899-4BCC-825E-1F29C4EEC8CF}"
EndProject
Global
	GlobalSection(SolutionConfigurationPlatforms) = preSolution
		Debug|Any CPU = Debug|Any CPU
		Release|Any CPU = Release|Any CPU
	EndGlobalSection
	GlobalSection(ProjectConfigurationPlatforms) = postSolution
		{7906FCB4-9899-4BCC-825E-1F29C4EEC8CF}.Debug|Any CPU.ActiveCfg = Debug|Any CPU
		{7906FCB4-9899-4BCC-825E-1F29C4EEC8CF}.Debug|Any CPU.Build.0 = Debug|Any CPU
		{7906FCB4-9899-4BCC-825E-1F29C4EEC8CF}.Release|Any CPU.ActiveCfg = Release|Any CPU
		{7906FCB4-9899-4BCC-825E-1F29C4EEC8CF}.Release|Any CPU.Build.0 = Release|Any CPU
	EndGlobalSection
	GlobalSection(SolutionProperties) = preSolution
		HideSolutionNode = FALSE
	EndGlobalSection
	GlobalSection(ExtensibilityGlobals) = postSolution
		VisualSVNWorkingCopyRoot = .
		SolutionGuid = {63B25FEA-E890-45D4-9A95-F5E6A415C70B}
	EndGlobalSection
EndGlobal
